{
  "version": 1,
  "dependencies": {
    "net10.0-windows7.0": {
      "ASodium": {
        "type": "Direct",
        "requested": "[0.6.6, )",
        "resolved": "0.6.6",
        "contentHash": "/FmOkt7jINH/UF0K3WglX8/Hz5A5yJ3XqPQh5B9tq8NWx+7p8x4TwETw1XzyyYWveepmO1zwUULfo5GlNXv95w==",
        "dependencies": {
          "libsodium": "1.0.22"
        }
      },
      "DalamudPackager": {
        "type": "Direct",
        "requested": "[15.0.0, )",
        "resolved": "15.0.0",
        "contentHash": "411vwC8/X8Z/sQ2TI6v3SvOn66xFPeOjFn3Zn+h0d3Ox2t1kFm66AhDvmx/qcMwVrR+Hidxj0dadpQ2dgyXMBQ=="
      },
      "DotNet.ReproducibleBuilds": {
        "type": "Direct",
        "requested": "[1.2.39, )",
        "resolved": "1.2.39",
        "contentHash": "fcFN01tDTIQqDuTwr1jUQK/geofiwjG5DycJQOnC72i1SsLAk1ELe+apBOuZ11UMQG8YKFZG1FgvjZPbqHyatg=="
      },
      "MessagePack": {
        "type": "Direct",
        "requested": "[2.5.302, )",
        "resolved": "2.5.302",
        "contentHash": "5DZsKli4dMEpm/glcMAheuO8/IesfaTskbfsuvgnQwWFKS5FN7Z6yNx+5F+UW94E+9N2qt8Zs63/XVzpLsElgA==",
        "dependencies": {
          "MessagePack.Annotations": "2.5.302",
          "Microsoft.NET.StringTools": "17.6.3"
        }
      },
      "System.Net.WebSockets.Client": {
        "type": "Direct",
        "requested": "[4.3.2, )",
        "resolved": "4.3.2",
        "contentHash": "LqSrocFY47SxEmu1fYWbUmXcFJ2B/PqnMtc6zudOTUhNINgo75hgmoHv46ynkJLmqjkpxPzl251SGWHc+jofFQ==",
        "dependencies": {
          "Microsoft.NETCore.Platforms": "1.1.0"
        }
      },
      "System.Threading.Channels": {
        "type": "Direct",
        "requested": "[10.0.7, )",
        "resolved": "10.0.7",
        "contentHash": "dAMPvS991+gY4se5heT821mfUMkUu0CEWSTf4i725Cjst5rpGqkWcgwVcIKyHMSmu/XyBnnF6eyJx8nrnxxNFw=="
      },
      "libsodium": {
        "type": "Transitive",
        "resolved": "1.0.22",
        "contentHash": "KPD9SloJFclrsjnhABu7dzWrcyYkwPbvx5l1gRSPAX/0n+OBtSiVCKtGFv4n+ecWUHU0tCG9LSSwoZZx673zBQ=="
      },
      "MessagePack.Annotations": {
        "type": "Transitive",
        "resolved": "2.5.302",
        "contentHash": "PTHQHbMJzx1VtUUCpnvPavD7o5X9s2dAJ4uQHAP2kBCwJKICpPTZq0qxzbB4/6iJJiIxem8zlxyfldGAx1SjSQ=="
      },
      "Microsoft.NET.StringTools": {
        "type": "Transitive",
        "resolved": "17.6.3",
        "contentHash": "N0ZIanl1QCgvUumEL1laasU0a7sOE5ZwLZVTn0pAePnfhq8P7SvTjF8Axq+CnavuQkmdQpGNXQ1efZtu5kDFbA=="
      },
      "Microsoft.NETCore.Platforms": {
        "type": "Transitive",
        "resolved": "1.1.0",
        "contentHash": "kz0PEW2lhqygehI/d6XsPCQzD7ff7gUJaVGPVETX611eadGsA3A877GdSlU0LRVMCTH/+P3o2iDTak+S08V2+A=="
      }
    }
  }
}